Microsoft Visual Studio Solution File, Format Version 12.00
# Visual Studio Version 17
VisualStudioVersion = 17.5.2.0
MinimumVisualStudioVersion = 10.0.40219.1
Project("{FAE04EC0-301F-11D3-BF4B-00C04F79EFBC}") = "FindARoomate", "FindARoomate.csproj", "{F4242124-7CB8-65F7-A412-FA79E97CA1DA}"
EndProject
Global
	GlobalSection(SolutionConfigurationPlatforms) = preSolution
		Debug|Any CPU = Debug|Any CPU
		Release|Any CPU = Release|Any CPU
	EndGlobalSection
	GlobalSection(ProjectConfigurationPlatforms) = postSolution
		{F4242124-7CB8-65F7-A412-FA79E97CA1DA}.Debug|Any CPU.ActiveCfg = Debug|Any CPU
		{F4242124-7CB8-65F7-A412-FA79E97CA1DA}.Debug|Any CPU.Build.0 = Debug|Any CPU
		{F4242124-7CB8-65F7-A412-FA79E97CA1DA}.Release|Any CPU.ActiveCfg = Release|Any CPU
		{F4242124-7CB8-65F7-A412-FA79E97CA1DA}.Release|Any CPU.Build.0 = Release|Any CPU
	EndGlobalSection
	GlobalSection(SolutionProperties) = preSolution
		HideSolutionNode = FALSE
	EndGlobalSection
	GlobalSection(ExtensibilityGlobals) = postSolution
		SolutionGuid = {C401F3B0-ED33-4CB8-B5C9-3CBE6C093DD0}
	EndGlobalSection
EndGlobal
